
Microsoft Visual Studio Solution File, Format Version 12.00
# Visual Studio 15
VisualStudioVersion = 15.0.26430.13
MinimumVisualStudioVersion = 10.0.40219.1
Project("{FAE04EC0-301F-11D3-BF4B-00C04F79EFBC}") = "Domain", "Domain\Domain.csproj", "{D0EA0E09-C64A-49A3-AF83-125F28D1C0EA}"
EndProject
Project("{FAE04EC0-301F-11D3-BF4B-00C04F79EFBC}") = "Contratos", "Contratos\Contratos.csproj", "{71219B40-119C-4979-97BB-44D7CD8C1899}"
EndProject
Project("{FAE04EC0-301F-11D3-BF4B-00C04F79EFBC}") = "Controller", "Controller\Controller.csproj", "{DE90B374-C560-45C9-8766-4933A6CEED83}"
EndProject
Project("{FAE04EC0-301F-11D3-BF4B-00C04F79EFBC}") = "Teste", "Teste\Teste.csproj", "{2335FBAA-404E-4B23-8E37-ED1D3334852C}"
EndProject
Global
	GlobalSection(SolutionConfigurationPlatforms) = preSolution
		Debug|Any CPU = Debug|Any CPU
		Release|Any CPU = Release|Any CPU
	EndGlobalSection
	GlobalSection(ProjectConfigurationPlatforms) = postSolution
		{D0EA0E09-C64A-49A3-AF83-125F28D1C0EA}.Debug|Any CPU.ActiveCfg = Debug|Any CPU
		{D0EA0E09-C64A-49A3-AF83-125F28D1C0EA}.Debug|Any CPU.Build.0 = Debug|Any CPU
		{D0EA0E09-C64A-49A3-AF83-125F28D1C0EA}.Release|Any CPU.ActiveCfg = Release|Any CPU
		{D0EA0E09-C64A-49A3-AF83-125F28D1C0EA}.Release|Any CPU.Build.0 = Release|Any CPU
		{71219B40-119C-4979-97BB-44D7CD8C1899}.Debug|Any CPU.ActiveCfg = Debug|Any CPU
		{71219B40-119C-4979-97BB-44D7CD8C1899}.Debug|Any CPU.Build.0 = Debug|Any CPU
		{71219B40-119C-4979-97BB-44D7CD8C1899}.Release|Any CPU.ActiveCfg = Release|Any CPU
		{71219B40-119C-4979-97BB-44D7CD8C1899}.Release|Any CPU.Build.0 = Release|Any CPU
		{DE90B374-C560-45C9-8766-4933A6CEED83}.Debug|Any CPU.ActiveCfg = Debug|Any CPU
		{DE90B374-C560-45C9-8766-4933A6CEED83}.Debug|Any CPU.Build.0 = Debug|Any CPU
		{DE90B374-C560-45C9-8766-4933A6CEED83}.Release|Any CPU.ActiveCfg = Release|Any CPU
		{DE90B374-C560-45C9-8766-4933A6CEED83}.Release|Any CPU.Build.0 = Release|Any CPU
		{2335FBAA-404E-4B23-8E37-ED1D3334852C}.Debug|Any CPU.ActiveCfg = Debug|Any CPU
		{2335FBAA-404E-4B23-8E37-ED1D3334852C}.Debug|Any CPU.Build.0 = Debug|Any CPU
		{2335FBAA-404E-4B23-8E37-ED1D3334852C}.Release|Any CPU.ActiveCfg = Release|Any CPU
		{2335FBAA-404E-4B23-8E37-ED1D3334852C}.Release|Any CPU.Build.0 = Release|Any CPU
	EndGlobalSection
	GlobalSection(SolutionProperties) = preSolution
		HideSolutionNode = FALSE
	EndGlobalSection
EndGlobal
